
Microsoft Visual Studio Solution File, Format Version 12.00
# Visual Studio Version 16
VisualStudioVersion = 16.0.29728.190
MinimumVisualStudioVersion = 10.0.40219.1
Project("{FAE04EC0-301F-11D3-BF4B-00C04F79EFBC}") = "lab1sharp", "lab1sharp\lab1sharp.csproj", "{84E87D3B-82F4-4469-9232-1C29BC640AE1}"
EndProject
Global
	GlobalSection(SolutionConfigurationPlatforms) = preSolution
		Debug|Any CPU = Debug|Any CPU
		Release|Any CPU = Release|Any CPU
	EndGlobalSection
	GlobalSection(ProjectConfigurationPlatforms) = postSolution
		{84E87D3B-82F4-4469-9232-1C29BC640AE1}.Debug|Any CPU.ActiveCfg = Debug|Any CPU
		{84E87D3B-82F4-4469-9232-1C29BC640AE1}.Debug|Any CPU.Build.0 = Debug|Any CPU
		{84E87D3B-82F4-4469-9232-1C29BC640AE1}.Release|Any CPU.ActiveCfg = Release|Any CPU
		{84E87D3B-82F4-4469-9232-1C29BC640AE1}.Release|Any CPU.Build.0 = Release|Any CPU
	EndGlobalSection
	GlobalSection(SolutionProperties) = preSolution
		HideSolutionNode = FALSE
	EndGlobalSection
	GlobalSection(ExtensibilityGlobals) = postSolution
		SolutionGuid = {2E2AC76A-8EAE-4400-9EDD-3B16FC47DC91}
	EndGlobalSection
EndGlobal
